
Microsoft Visual Studio Solution File, Format Version 12.00
# Visual Studio Version 17
VisualStudioVersion = 17.10.34916.146
MinimumVisualStudioVersion = 10.0.40219.1
Project("{FAE04EC0-301F-11D3-BF4B-00C04F79EFBC}") = "TGBot_TW_Stock_Webhook", "TGBot_TW_Stock_Webhook.csproj", "{F40ADF68-6C24-4753-AC8D-DC7A38CC99B1}"
EndProject
Global
	GlobalSection(SolutionConfigurationPlatforms) = preSolution
		Debug|Any CPU = Debug|Any CPU
		Release|Any CPU = Release|Any CPU
	EndGlobalSection
	GlobalSection(ProjectConfigurationPlatforms) = postSolution
		{F40ADF68-6C24-4753-AC8D-DC7A38CC99B1}.Debug|Any CPU.ActiveCfg = Debug|Any CPU
		{F40ADF68-6C24-4753-AC8D-DC7A38CC99B1}.Debug|Any CPU.Build.0 = Debug|Any CPU
		{F40ADF68-6C24-4753-AC8D-DC7A38CC99B1}.Release|Any CPU.ActiveCfg = Release|Any CPU
		{F40ADF68-6C24-4753-AC8D-DC7A38CC99B1}.Release|Any CPU.Build.0 = Release|Any CPU
	EndGlobalSection
	GlobalSection(SolutionProperties) = preSolution
		HideSolutionNode = FALSE
	EndGlobalSection
	GlobalSection(ExtensibilityGlobals) = postSolution
		SolutionGuid = {84183D48-0007-412E-8052-C5F8E1D356AD}
	EndGlobalSection
EndGlobal
